
Microsoft Visual Studio Solution File, Format Version 12.00
# Visual Studio 16
Project("{FAE04EC0-301F-11D3-BF4B-00C04F79EFBC}") = "Assembly-CSharp", "Assembly-CSharp.csproj", "{F99BF9C5-67A6-85D2-75F3-C7A07C5AAFFB}"
EndProject
Global
	GlobalSection(SolutionConfigurationPlatforms) = preSolution
		Debug|Any CPU = Debug|Any CPU
		Release|Any CPU = Release|Any CPU
	EndGlobalSection
	GlobalSection(ProjectConfigurationPlatforms) = postSolution
		{F99BF9C5-67A6-85D2-75F3-C7A07C5AAFFB}.Debug|Any CPU.ActiveCfg = Debug|Any CPU
		{F99BF9C5-67A6-85D2-75F3-C7A07C5AAFFB}.Debug|Any CPU.Build.0 = Debug|Any CPU
		{F99BF9C5-67A6-85D2-75F3-C7A07C5AAFFB}.Release|Any CPU.ActiveCfg = Release|Any CPU
		{F99BF9C5-67A6-85D2-75F3-C7A07C5AAFFB}.Release|Any CPU.Build.0 = Release|Any CPU
	EndGlobalSection
	GlobalSection(SolutionProperties) = preSolution
		HideSolutionNode = FALSE
	EndGlobalSection
EndGlobal
